
Microsoft Visual Studio Solution File, Format Version 12.00
# Visual Studio 15
VisualStudioVersion = 15.0.28307.852
MinimumVisualStudioVersion = 10.0.40219.1
Project("{8BC9CEB8-8B4A-11D0-8D11-00A0C91BC942}") = "llvm-func-pass", "llvm-func-pass\llvm-func-pass.vcxproj", "{DF758EB4-A87F-494D-8F93-C617B3D1CFB5}"
EndProject
Project("{8BC9CEB8-8B4A-11D0-8D11-00A0C91BC942}") = "clang-read-diagnostics", "clang-read-diagnostics\clang-read-diagnostics.vcxproj", "{2CE4AE1A-A5EF-4ABB-A7BB-923268021A83}"
EndProject
Project("{2150E333-8FDC-42A3-9474-1A3956D46DE8}") = "Solution Items", "Solution Items", "{76FD8658-C505-4A30-BC28-0F89837331AC}"
	ProjectSection(SolutionItems) = preProject
		README.md = README.md
	EndProjectSection
EndProject
Project("{8BC9CEB8-8B4A-11D0-8D11-00A0C91BC942}") = "llvm-clang-lexer", "llvm-clang-lexer\llvm-clang-lexer.vcxproj", "{7ABD8DE8-5A30-479C-B467-02F3CA3136D1}"
EndProject
Project("{8BC9CEB8-8B4A-11D0-8D11-00A0C91BC942}") = "llvm-clang-traverse-ast", "llvm-clang-traverse-ast\llvm-clang-traverse-ast.vcxproj", "{AA4F60DA-200B-4FE8-A3AE-76F02F95A005}"
EndProject
Project("{8BC9CEB8-8B4A-11D0-8D11-00A0C91BC942}") = "llvm-clang-ast-stats", "llvm-clang-ast-stats\llvm-clang-ast-stats.vcxproj", "{EA3E78FD-4C47-4D87-9B45-D7DFA3EF40AB}"
EndProject
Global
	GlobalSection(SolutionConfigurationPlatforms) = preSolution
		Debug|x64 = Debug|x64
		Debug|x86 = Debug|x86
		Release|x64 = Release|x64
		Release|x86 = Release|x86
	EndGlobalSection
	GlobalSection(ProjectConfigurationPlatforms) = postSolution
		{DF758EB4-A87F-494D-8F93-C617B3D1CFB5}.Debug|x64.ActiveCfg = Debug|x64
		{DF758EB4-A87F-494D-8F93-C617B3D1CFB5}.Debug|x64.Build.0 = Debug|x64
		{DF758EB4-A87F-494D-8F93-C617B3D1CFB5}.Debug|x86.ActiveCfg = Debug|Win32
		{DF758EB4-A87F-494D-8F93-C617B3D1CFB5}.Debug|x86.Build.0 = Debug|Win32
		{DF758EB4-A87F-494D-8F93-C617B3D1CFB5}.Release|x64.ActiveCfg = Release|x64
		{DF758EB4-A87F-494D-8F93-C617B3D1CFB5}.Release|x64.Build.0 = Release|x64
		{DF758EB4-A87F-494D-8F93-C617B3D1CFB5}.Release|x86.ActiveCfg = Release|Win32
		{DF758EB4-A87F-494D-8F93-C617B3D1CFB5}.Release|x86.Build.0 = Release|Win32
		{2CE4AE1A-A5EF-4ABB-A7BB-923268021A83}.Debug|x64.ActiveCfg = Debug|x64
		{2CE4AE1A-A5EF-4ABB-A7BB-923268021A83}.Debug|x64.Build.0 = Debug|x64
		{2CE4AE1A-A5EF-4ABB-A7BB-923268021A83}.Debug|x86.ActiveCfg = Debug|Win32
		{2CE4AE1A-A5EF-4ABB-A7BB-923268021A83}.Debug|x86.Build.0 = Debug|Win32
		{2CE4AE1A-A5EF-4ABB-A7BB-923268021A83}.Release|x64.ActiveCfg = Release|x64
		{2CE4AE1A-A5EF-4ABB-A7BB-923268021A83}.Release|x64.Build.0 = Release|x64
		{2CE4AE1A-A5EF-4ABB-A7BB-923268021A83}.Release|x86.ActiveCfg = Release|Win32
		{2CE4AE1A-A5EF-4ABB-A7BB-923268021A83}.Release|x86.Build.0 = Release|Win32
		{7ABD8DE8-5A30-479C-B467-02F3CA3136D1}.Debug|x64.ActiveCfg = Debug|x64
		{7ABD8DE8-5A30-479C-B467-02F3CA3136D1}.Debug|x64.Build.0 = Debug|x64
		{7ABD8DE8-5A30-479C-B467-02F3CA3136D1}.Debug|x86.ActiveCfg = Debug|Win32
		{7ABD8DE8-5A30-479C-B467-02F3CA3136D1}.Debug|x86.Build.0 = Debug|Win32
		{7ABD8DE8-5A30-479C-B467-02F3CA3136D1}.Release|x64.ActiveCfg = Release|x64
		{7ABD8DE8-5A30-479C-B467-02F3CA3136D1}.Release|x64.Build.0 = Release|x64
		{7ABD8DE8-5A30-479C-B467-02F3CA3136D1}.Release|x86.ActiveCfg = Release|Win32
		{7ABD8DE8-5A30-479C-B467-02F3CA3136D1}.Release|x86.Build.0 = Release|Win32
		{AA4F60DA-200B-4FE8-A3AE-76F02F95A005}.Debug|x64.ActiveCfg = Debug|x64
		{AA4F60DA-200B-4FE8-A3AE-76F02F95A005}.Debug|x64.Build.0 = Debug|x64
		{AA4F60DA-200B-4FE8-A3AE-76F02F95A005}.Debug|x86.ActiveCfg = Debug|Win32
		{AA4F60DA-200B-4FE8-A3AE-76F02F95A005}.Debug|x86.Build.0 = Debug|Win32
		{AA4F60DA-200B-4FE8-A3AE-76F02F95A005}.Release|x64.ActiveCfg = Release|x64
		{AA4F60DA-200B-4FE8-A3AE-76F02F95A005}.Release|x64.Build.0 = Release|x64
		{AA4F60DA-200B-4FE8-A3AE-76F02F95A005}.Release|x86.ActiveCfg = Release|Win32
		{AA4F60DA-200B-4FE8-A3AE-76F02F95A005}.Release|x86.Build.0 = Release|Win32
		{EA3E78FD-4C47-4D87-9B45-D7DFA3EF40AB}.Debug|x64.ActiveCfg = Debug|x64
		{EA3E78FD-4C47-4D87-9B45-D7DFA3EF40AB}.Debug|x64.Build.0 = Debug|x64
		{EA3E78FD-4C47-4D87-9B45-D7DFA3EF40AB}.Debug|x86.ActiveCfg = Debug|Win32
		{EA3E78FD-4C47-4D87-9B45-D7DFA3EF40AB}.Debug|x86.Build.0 = Debug|Win32
		{EA3E78FD-4C47-4D87-9B45-D7DFA3EF40AB}.Release|x64.ActiveCfg = Release|x64
		{EA3E78FD-4C47-4D87-9B45-D7DFA3EF40AB}.Release|x64.Build.0 = Release|x64
		{EA3E78FD-4C47-4D87-9B45-D7DFA3EF40AB}.Release|x86.ActiveCfg = Release|Win32
		{EA3E78FD-4C47-4D87-9B45-D7DFA3EF40AB}.Release|x86.Build.0 = Release|Win32
	EndGlobalSection
	GlobalSection(SolutionProperties) = preSolution
		HideSolutionNode = FALSE
	EndGlobalSection
	GlobalSection(ExtensibilityGlobals) = postSolution
		SolutionGuid = {45DF2AB6-A182-44F9-9838-DF62FA450798}
	EndGlobalSection
EndGlobal
